
Microsoft Visual Studio Solution File, Format Version 12.00
# Visual Studio Version 17
VisualStudioVersion = 17.0.32112.339
MinimumVisualStudioVersion = 10.0.40219.1
Project("{888888A0-9F3D-457C-B088-3A5042F75D52}") = "BSE Project", "BSE Project\BSE Project.pyproj", "{FF53BF0C-7D62-470F-8E2E-3D9B57D8BA0D}"
EndProject
Global
	GlobalSection(SolutionConfigurationPlatforms) = preSolution
		Debug|Any CPU = Debug|Any CPU
		Release|Any CPU = Release|Any CPU
	EndGlobalSection
	GlobalSection(ProjectConfigurationPlatforms) = postSolution
		{FF53BF0C-7D62-470F-8E2E-3D9B57D8BA0D}.Debug|Any CPU.ActiveCfg = Debug|Any CPU
		{FF53BF0C-7D62-470F-8E2E-3D9B57D8BA0D}.Debug|Any CPU.Build.0 = Debug|Any CPU
		{FF53BF0C-7D62-470F-8E2E-3D9B57D8BA0D}.Release|Any CPU.ActiveCfg = Release|Any CPU
		{FF53BF0C-7D62-470F-8E2E-3D9B57D8BA0D}.Release|Any CPU.Build.0 = Release|Any CPU
	EndGlobalSection
	GlobalSection(SolutionProperties) = preSolution
		HideSolutionNode = FALSE
	EndGlobalSection
	GlobalSection(ExtensibilityGlobals) = postSolution
		SolutionGuid = {6747071E-B6E8-4D26-B193-CF2E53F4C725}
	EndGlobalSection
EndGlobal
